// !$*UTF8*$!
{
	archiveVersion = 1;
	classes = {
	};
	objectVersion = 50;
	objects = {

/* Begin PBXBuildFile section */
		4110E23E240D579500815FA6 /* AppDelegate.swift in Sources */ = {isa = PBXBuildFile; fileRef = 4110E23D240D579500815FA6 /* AppDelegate.swift */; };
		4110E240240D579500815FA6 /* SceneDelegate.swift in Sources */ = {isa = PBXBuildFile; fileRef = 4110E23F240D579500815FA6 /* SceneDelegate.swift */; };
		4110E242240D579500815FA6 /* LoginVC.swift in Sources */ = {isa = PBXBuildFile; fileRef = 4110E241240D579500815FA6 /* LoginVC.swift */; };
		4110E245240D579500815FA6 /* Main.storyboard in Resources */ = {isa = PBXBuildFile; fileRef = 4110E243240D579500815FA6 /* Main.storyboard */; };
		4110E247240D579900815FA6 /* Assets.xcassets in Resources */ = {isa = PBXBuildFile; fileRef = 4110E246240D579900815FA6 /* Assets.xcassets */; };
		4110E24A240D579900815FA6 /* LaunchScreen.storyboard in Resources */ = {isa = PBXBuildFile; fileRef = 4110E248240D579900815FA6 /* LaunchScreen.storyboard */; };
		4110E254240D5F9300815FA6 /* ButtonRound.swift in Sources */ = {isa = PBXBuildFile; fileRef = 4110E253240D5F9300815FA6 /* ButtonRound.swift */; };
		4110E256240D667E00815FA6 /* TextFieldCustom.swift in Sources */ = {isa = PBXBuildFile; fileRef = 4110E255240D667E00815FA6 /* TextFieldCustom.swift */; };
		4110E259240D7CE100815FA6 /* Constants.swift in Sources */ = {isa = PBXBuildFile; fileRef = 4110E258240D7CE100815FA6 /* Constants.swift */; };
		4110E26B240D88E800815FA6 /* LoginInteractor.swift in Sources */ = {isa = PBXBuildFile; fileRef = 4110E26A240D88E800815FA6 /* LoginInteractor.swift */; };
		4110E26D240D891300815FA6 /* LoginPresenter.swift in Sources */ = {isa = PBXBuildFile; fileRef = 4110E26C240D891300815FA6 /* LoginPresenter.swift */; };
		4110E26F240D892D00815FA6 /* Login.swift in Sources */ = {isa = PBXBuildFile; fileRef = 4110E26E240D892D00815FA6 /* Login.swift */; };
		4110E271240D894200815FA6 /* LoginWireframe.swift in Sources */ = {isa = PBXBuildFile; fileRef = 4110E270240D894200815FA6 /* LoginWireframe.swift */; };
		4110E273240D895400815FA6 /* LoginProtocols.swift in Sources */ = {isa = PBXBuildFile; fileRef = 4110E272240D895400815FA6 /* LoginProtocols.swift */; };
		4110E275240D89C100815FA6 /* ArticlesVC.swift in Sources */ = {isa = PBXBuildFile; fileRef = 4110E274240D89C100815FA6 /* ArticlesVC.swift */; };
		4110E277240D8A1600815FA6 /* ArticlesInteractor.swift in Sources */ = {isa = PBXBuildFile; fileRef = 4110E276240D8A1600815FA6 /* ArticlesInteractor.swift */; };
		4110E279240D8A3A00815FA6 /* ArticlesPresenter.swift in Sources */ = {isa = PBXBuildFile; fileRef = 4110E278240D8A3A00815FA6 /* ArticlesPresenter.swift */; };
		4110E27B240D8A4700815FA6 /* Articles.swift in Sources */ = {isa = PBXBuildFile; fileRef = 4110E27A240D8A4700815FA6 /* Articles.swift */; };
		4110E27D240D8A5500815FA6 /* ArticlesRouter.swift in Sources */ = {isa = PBXBuildFile; fileRef = 4110E27C240D8A5500815FA6 /* ArticlesRouter.swift */; };
		4110E27F240D8A6900815FA6 /* ArticlesProtocols.swift in Sources */ = {isa = PBXBuildFile; fileRef = 4110E27E240D8A6900815FA6 /* ArticlesProtocols.swift */; };
/* End PBXBuildFile section */

/* Begin PBXFileReference section */
		4110E23A240D579500815FA6 /* FutureWefc.app */ = {isa = PBXFileReference; explicitFileType = wrapper.application; includeInIndex = 0; path = FutureWefc.app; sourceTree = BUILT_PRODUCTS_DIR; };
		4110E23D240D579500815FA6 /* AppDelegate.swift */ = {isa = PBXFileReference; lastKnownFileType = sourcecode.swift; path = AppDelegate.swift; sourceTree = "<group>"; };
		4110E23F240D579500815FA6 /* SceneDelegate.swift */ = {isa = PBXFileReference; lastKnownFileType = sourcecode.swift; path = SceneDelegate.swift; sourceTree = "<group>"; };
		4110E241240D579500815FA6 /* LoginVC.swift */ = {isa = PBXFileReference; lastKnownFileType = sourcecode.swift; path = LoginVC.swift; sourceTree = "<group>"; };
		4110E244240D579500815FA6 /* Base */ = {isa = PBXFileReference; lastKnownFileType = file.storyboard; name = Base; path = Base.lproj/Main.storyboard; sourceTree = "<group>"; };
		4110E246240D579900815FA6 /* Assets.xcassets */ = {isa = PBXFileReference; lastKnownFileType = folder.assetcatalog; path = Assets.xcassets; sourceTree = "<group>"; };
		4110E249240D579900815FA6 /* Base */ = {isa = PBXFileReference; lastKnownFileType = file.storyboard; name = Base; path = Base.lproj/LaunchScreen.storyboard; sourceTree = "<group>"; };
		4110E24B240D579900815FA6 /* Info.plist */ = {isa = PBXFileReference; lastKnownFileType = text.plist.xml; path = Info.plist; sourceTree = "<group>"; };
		4110E253240D5F9300815FA6 /* ButtonRound.swift */ = {isa = PBXFileReference; lastKnownFileType = sourcecode.swift; path = ButtonRound.swift; sourceTree = "<group>"; };
		4110E255240D667E00815FA6 /* TextFieldCustom.swift */ = {isa = PBXFileReference; lastKnownFileType = sourcecode.swift; path = TextFieldCustom.swift; sourceTree = "<group>"; };
		4110E258240D7CE100815FA6 /* Constants.swift */ = {isa = PBXFileReference; lastKnownFileType = sourcecode.swift; path = Constants.swift; sourceTree = "<group>"; };
		4110E26A240D88E800815FA6 /* LoginInteractor.swift */ = {isa = PBXFileReference; lastKnownFileType = sourcecode.swift; path = LoginInteractor.swift; sourceTree = "<group>"; };
		4110E26C240D891300815FA6 /* LoginPresenter.swift */ = {isa = PBXFileReference; lastKnownFileType = sourcecode.swift; path = LoginPresenter.swift; sourceTree = "<group>"; };
		4110E26E240D892D00815FA6 /* Login.swift */ = {isa = PBXFileReference; lastKnownFileType = sourcecode.swift; path = Login.swift; sourceTree = "<group>"; };
		4110E270240D894200815FA6 /* LoginWireframe.swift */ = {isa = PBXFileReference; lastKnownFileType = sourcecode.swift; path = LoginWireframe.swift; sourceTree = "<group>"; };
		4110E272240D895400815FA6 /* LoginProtocols.swift */ = {isa = PBXFileReference; lastKnownFileType = sourcecode.swift; path = LoginProtocols.swift; sourceTree = "<group>"; };
		4110E274240D89C100815FA6 /* ArticlesVC.swift */ = {isa = PBXFileReference; lastKnownFileType = sourcecode.swift; path = ArticlesVC.swift; sourceTree = "<group>"; };
		4110E276240D8A1600815FA6 /* ArticlesInteractor.swift */ = {isa = PBXFileReference; lastKnownFileType = sourcecode.swift; path = ArticlesInteractor.swift; sourceTree = "<group>"; };
		4110E278240D8A3A00815FA6 /* ArticlesPresenter.swift */ = {isa = PBXFileReference; lastKnownFileType = sourcecode.swift; path = ArticlesPresenter.swift; sourceTree = "<group>"; };
		4110E27A240D8A4700815FA6 /* Articles.swift */ = {isa = PBXFileReference; lastKnownFileType = sourcecode.swift; path = Articles.swift; sourceTree = "<group>"; };
		4110E27C240D8A5500815FA6 /* ArticlesRouter.swift */ = {isa = PBXFileReference; lastKnownFileType = sourcecode.swift; path = ArticlesRouter.swift; sourceTree = "<group>"; };
		4110E27E240D8A6900815FA6 /* ArticlesProtocols.swift */ = {isa = PBXFileReference; lastKnownFileType = sourcecode.swift; path = ArticlesProtocols.swift; sourceTree = "<group>"; };
/* End PBXFileReference section */

/* Begin PBXFrameworksBuildPhase section */
		4110E237240D579500815FA6 /* Frameworks */ = {
			isa = PBXFrameworksBuildPhase;
			buildActionMask = 2147483647;
			files = (
			);
			runOnlyForDeploymentPostprocessing = 0;
		};
/* End PBXFrameworksBuildPhase section */

/* Begin PBXGroup section */
		4110E231240D579500815FA6 = {
			isa = PBXGroup;
			children = (
				4110E23C240D579500815FA6 /* FutureWefc */,
				4110E23B240D579500815FA6 /* Products */,
			);
			sourceTree = "<group>";
		};
		4110E23B240D579500815FA6 /* Products */ = {
			isa = PBXGroup;
			children = (
				4110E23A240D579500815FA6 /* FutureWefc.app */,
			);
			name = Products;
			sourceTree = "<group>";
		};
		4110E23C240D579500815FA6 /* FutureWefc */ = {
			isa = PBXGroup;
			children = (
				4110E283240D8ADD00815FA6 /* App-Delegate */,
				4110E281240D8ACA00815FA6 /* App-UI */,
				4110E280240D8ABD00815FA6 /* ApiServices */,
				4110E257240D7CCF00815FA6 /* Constants */,
				4110E251240D5F6E00815FA6 /* Component */,
				4110E25D240D84E200815FA6 /* modules */,
				4110E23F240D579500815FA6 /* SceneDelegate.swift */,
				4110E246240D579900815FA6 /* Assets.xcassets */,
				4110E24B240D579900815FA6 /* Info.plist */,
			);
			path = FutureWefc;
			sourceTree = "<group>";
		};
		4110E251240D5F6E00815FA6 /* Component */ = {
			isa = PBXGroup;
			children = (
				4110E25A240D7F4300815FA6 /* textField */,
				4110E252240D5F8000815FA6 /* button */,
			);
			path = Component;
			sourceTree = "<group>";
		};
		4110E252240D5F8000815FA6 /* button */ = {
			isa = PBXGroup;
			children = (
				4110E253240D5F9300815FA6 /* ButtonRound.swift */,
			);
			path = button;
			sourceTree = "<group>";
		};
		4110E257240D7CCF00815FA6 /* Constants */ = {
			isa = PBXGroup;
			children = (
				4110E258240D7CE100815FA6 /* Constants.swift */,
			);
			path = Constants;
			sourceTree = "<group>";
		};
		4110E25A240D7F4300815FA6 /* textField */ = {
			isa = PBXGroup;
			children = (
				4110E255240D667E00815FA6 /* TextFieldCustom.swift */,
			);
			path = textField;
			sourceTree = "<group>";
		};
		4110E25B240D848900815FA6 /* login-module */ = {
			isa = PBXGroup;
			children = (
				4110E25E240D867D00815FA6 /* view */,
				4110E25F240D868400815FA6 /* interactor */,
				4110E260240D868C00815FA6 /* presenter */,
				4110E261240D869300815FA6 /* entity */,
				4110E262240D869B00815FA6 /* router */,
				4110E263240D86A500815FA6 /* protocols */,
			);
			path = "login-module";
			sourceTree = "<group>";
		};
		4110E25C240D849800815FA6 /* articles-module */ = {
			isa = PBXGroup;
			children = (
				4110E269240D86F000815FA6 /* view */,
				4110E268240D86E700815FA6 /* interactor */,
				4110E267240D86DC00815FA6 /* presenter */,
				4110E266240D86D300815FA6 /* entity */,
				4110E265240D86CD00815FA6 /* router */,
				4110E264240D86C200815FA6 /* protocols */,
			);
			path = "articles-module";
			sourceTree = "<group>";
		};
		4110E25D240D84E200815FA6 /* modules */ = {
			isa = PBXGroup;
			children = (
				4110E25B240D848900815FA6 /* login-module */,
				4110E25C240D849800815FA6 /* articles-module */,
			);
			path = modules;
			sourceTree = "<group>";
		};
		4110E25E240D867D00815FA6 /* view */ = {
			isa = PBXGroup;
			children = (
				4110E241240D579500815FA6 /* LoginVC.swift */,
			);
			path = view;
			sourceTree = "<group>";
		};
		4110E25F240D868400815FA6 /* interactor */ = {
			isa = PBXGroup;
			children = (
				4110E26A240D88E800815FA6 /* LoginInteractor.swift */,
			);
			path = interactor;
			sourceTree = "<group>";
		};
		4110E260240D868C00815FA6 /* presenter */ = {
			isa = PBXGroup;
			children = (
				4110E26C240D891300815FA6 /* LoginPresenter.swift */,
			);
			path = presenter;
			sourceTree = "<group>";
		};
		4110E261240D869300815FA6 /* entity */ = {
			isa = PBXGroup;
			children = (
				4110E26E240D892D00815FA6 /* Login.swift */,
			);
			path = entity;
			sourceTree = "<group>";
		};
		4110E262240D869B00815FA6 /* router */ = {
			isa = PBXGroup;
			children = (
				4110E270240D894200815FA6 /* LoginWireframe.swift */,
			);
			path = router;
			sourceTree = "<group>";
		};
		4110E263240D86A500815FA6 /* protocols */ = {
			isa = PBXGroup;
			children = (
				4110E272240D895400815FA6 /* LoginProtocols.swift */,
			);
			path = protocols;
			sourceTree = "<group>";
		};
		4110E264240D86C200815FA6 /* protocols */ = {
			isa = PBXGroup;
			children = (
				4110E27E240D8A6900815FA6 /* ArticlesProtocols.swift */,
			);
			path = protocols;
			sourceTree = "<group>";
		};
		4110E265240D86CD00815FA6 /* router */ = {
			isa = PBXGroup;
			children = (
				4110E27C240D8A5500815FA6 /* ArticlesRouter.swift */,
			);
			path = router;
			sourceTree = "<group>";
		};
		4110E266240D86D300815FA6 /* entity */ = {
			isa = PBXGroup;
			children = (
				4110E27A240D8A4700815FA6 /* Articles.swift */,
			);
			path = entity;
			sourceTree = "<group>";
		};
		4110E267240D86DC00815FA6 /* presenter */ = {
			isa = PBXGroup;
			children = (
				4110E278240D8A3A00815FA6 /* ArticlesPresenter.swift */,
			);
			path = presenter;
			sourceTree = "<group>";
		};
		4110E268240D86E700815FA6 /* interactor */ = {
			isa = PBXGroup;
			children = (
				4110E276240D8A1600815FA6 /* ArticlesInteractor.swift */,
			);
			path = interactor;
			sourceTree = "<group>";
		};
		4110E269240D86F000815FA6 /* view */ = {
			isa = PBXGroup;
			children = (
				4110E274240D89C100815FA6 /* ArticlesVC.swift */,
			);
			path = view;
			sourceTree = "<group>";
		};
		4110E280240D8ABD00815FA6 /* ApiServices */ = {
			isa = PBXGroup;
			children = (
			);
			path = ApiServices;
			sourceTree = "<group>";
		};
		4110E281240D8ACA00815FA6 /* App-UI */ = {
			isa = PBXGroup;
			children = (
				4110E243240D579500815FA6 /* Main.storyboard */,
				4110E248240D579900815FA6 /* LaunchScreen.storyboard */,
			);
			path = "App-UI";
			sourceTree = "<group>";
		};
		4110E283240D8ADD00815FA6 /* App-Delegate */ = {
			isa = PBXGroup;
			children = (
				4110E23D240D579500815FA6 /* AppDelegate.swift */,
			);
			path = "App-Delegate";
			sourceTree = "<group>";
		};
/* End PBXGroup section */

/* Begin PBXNativeTarget section */
		4110E239240D579500815FA6 /* FutureWefc */ = {
			isa = PBXNativeTarget;
			buildConfigurationList = 4110E24E240D579900815FA6 /* Build configuration list for PBXNativeTarget "FutureWefc" */;
			buildPhases = (
				4110E236240D579500815FA6 /* Sources */,
				4110E237240D579500815FA6 /* Frameworks */,
				4110E238240D579500815FA6 /* Resources */,
			);
			buildRules = (
			);
			dependencies = (
			);
			name = FutureWefc;
			productName = FutureWefc;
			productReference = 4110E23A240D579500815FA6 /* FutureWefc.app */;
			productType = "com.apple.product-type.application";
		};
/* End PBXNativeTarget section */

/* Begin PBXProject section */
		4110E232240D579500815FA6 /* Project object */ = {
			isa = PBXProject;
			attributes = {
				LastSwiftUpdateCheck = 1130;
				LastUpgradeCheck = 1130;
				ORGANIZATIONNAME = "Eduardo Fulgencio Comendeiro";
				TargetAttributes = {
					4110E239240D579500815FA6 = {
						CreatedOnToolsVersion = 11.3;
					};
				};
			};
			buildConfigurationList = 4110E235240D579500815FA6 /* Build configuration list for PBXProject "FutureWefc" */;
			compatibilityVersion = "Xcode 9.3";
			developmentRegion = en;
			hasScannedForEncodings = 0;
			knownRegions = (
				en,
				Base,
			);
			mainGroup = 4110E231240D579500815FA6;
			productRefGroup = 4110E23B240D579500815FA6 /* Products */;
			projectDirPath = "";
			projectRoot = "";
			targets = (
				4110E239240D579500815FA6 /* FutureWefc */,
			);
		};
/* End PBXProject section */

/* Begin PBXResourcesBuildPhase section */
		4110E238240D579500815FA6 /* Resources */ = {
			isa = PBXResourcesBuildPhase;
			buildActionMask = 2147483647;
			files = (
				4110E24A240D579900815FA6 /* LaunchScreen.storyboard in Resources */,
				4110E247240D579900815FA6 /* Assets.xcassets in Resources */,
				4110E245240D579500815FA6 /* Main.storyboard in Resources */,
			);
			runOnlyForDeploymentPostprocessing = 0;
		};
/* End PBXResourcesBuildPhase section */

/* Begin PBXSourcesBuildPhase section */
		4110E236240D579500815FA6 /* Sources */ = {
			isa = PBXSourcesBuildPhase;
			buildActionMask = 2147483647;
			files = (
				4110E26D240D891300815FA6 /* LoginPresenter.swift in Sources */,
				4110E27B240D8A4700815FA6 /* Articles.swift in Sources */,
				4110E254240D5F9300815FA6 /* ButtonRound.swift in Sources */,
				4110E242240D579500815FA6 /* LoginVC.swift in Sources */,
				4110E26B240D88E800815FA6 /* LoginInteractor.swift in Sources */,
				4110E27F240D8A6900815FA6 /* ArticlesProtocols.swift in Sources */,
				4110E23E240D579500815FA6 /* AppDelegate.swift in Sources */,
				4110E256240D667E00815FA6 /* TextFieldCustom.swift in Sources */,
				4110E27D240D8A5500815FA6 /* ArticlesRouter.swift in Sources */,
				4110E26F240D892D00815FA6 /* Login.swift in Sources */,
				4110E240240D579500815FA6 /* SceneDelegate.swift in Sources */,
				4110E271240D894200815FA6 /* LoginWireframe.swift in Sources */,
				4110E259240D7CE100815FA6 /* Constants.swift in Sources */,
				4110E277240D8A1600815FA6 /* ArticlesInteractor.swift in Sources */,
				4110E279240D8A3A00815FA6 /* ArticlesPresenter.swift in Sources */,
				4110E273240D895400815FA6 /* LoginProtocols.swift in Sources */,
				4110E275240D89C100815FA6 /* ArticlesVC.swift in Sources */,
			);
			runOnlyForDeploymentPostprocessing = 0;
		};
/* End PBXSourcesBuildPhase section */

/* Begin PBXVariantGroup section */
		4110E243240D579500815FA6 /* Main.storyboard */ = {
			isa = PBXVariantGroup;
			children = (
				4110E244240D579500815FA6 /* Base */,
			);
			name = Main.storyboard;
			sourceTree = "<group>";
		};
		4110E248240D579900815FA6 /* LaunchScreen.storyboard */ = {
			isa = PBXVariantGroup;
			children = (
				4110E249240D579900815FA6 /* Base */,
			);
			name = LaunchScreen.storyboard;
			sourceTree = "<group>";
		};
/* End PBXVariantGroup section */

/* Begin XCBuildConfiguration section */
		4110E24C240D579900815FA6 /* Debug */ = {
			isa = XCBuildConfiguration;
			buildSettings = {
				ALWAYS_SEARCH_USER_PATHS = NO;
				CLANG_ANALYZER_NONNULL = YES;
				CLANG_ANALYZER_NUMBER_OBJECT_CONVERSION = YES_AGGRESSIVE;
				CLANG_CXX_LANGUAGE_STANDARD = "gnu++14";
				CLANG_CXX_LIBRARY = "libc++";
				CLANG_ENABLE_MODULES = YES;
				CLANG_ENABLE_OBJC_ARC = YES;
				CLANG_ENABLE_OBJC_WEAK = YES;
				CLANG_WARN_BLOCK_CAPTURE_AUTORELEASING = YES;
				CLANG_WARN_BOOL_CONVERSION = YES;
				CLANG_WARN_COMMA = YES;
				CLANG_WARN_CONSTANT_CONVERSION = YES;
				CLANG_WARN_DEPRECATED_OBJC_IMPLEMENTATIONS = YES;
				CLANG_WARN_DIRECT_OBJC_ISA_USAGE = YES_ERROR;
				CLANG_WARN_DOCUMENTATION_COMMENTS = YES;
				CLANG_WARN_EMPTY_BODY = YES;
				CLANG_WARN_ENUM_CONVERSION = YES;
				CLANG_WARN_INFINITE_RECURSION = YES;
				CLANG_WARN_INT_CONVERSION = YES;
				CLANG_WARN_NON_LITERAL_NULL_CONVERSION = YES;
				CLANG_WARN_OBJC_IMPLICIT_RETAIN_SELF = YES;
				CLANG_WARN_OBJC_LITERAL_CONVERSION = YES;
				CLANG_WARN_OBJC_ROOT_CLASS = YES_ERROR;
				CLANG_WARN_RANGE_LOOP_ANALYSIS = YES;
				CLANG_WARN_STRICT_PROTOTYPES = YES;
				CLANG_WARN_SUSPICIOUS_MOVE = YES;
				CLANG_WARN_UNGUARDED_AVAILABILITY = YES_AGGRESSIVE;
				CLANG_WARN_UNREACHABLE_CODE = YES;
				CLANG_WARN__DUPLICATE_METHOD_MATCH = YES;
				COPY_PHASE_STRIP = NO;
				DEBUG_INFORMATION_FORMAT = dwarf;
				ENABLE_STRICT_OBJC_MSGSEND = YES;
				ENABLE_TESTABILITY = YES;
				GCC_C_LANGUAGE_STANDARD = gnu11;
				GCC_DYNAMIC_NO_PIC = NO;
				GCC_NO_COMMON_BLOCKS = YES;
				GCC_OPTIMIZATION_LEVEL = 0;
				GCC_PREPROCESSOR_DEFINITIONS = (
					"DEBUG=1",
					"$(inherited)",
				);
				GCC_WARN_64_TO_32_BIT_CONVERSION = YES;
				GCC_WARN_ABOUT_RETURN_TYPE = YES_ERROR;
				GCC_WARN_UNDECLARED_SELECTOR = YES;
				GCC_WARN_UNINITIALIZED_AUTOS = YES_AGGRESSIVE;
				GCC_WARN_UNUSED_FUNCTION = YES;
				GCC_WARN_UNUSED_VARIABLE = YES;
				IPHONEOS_DEPLOYMENT_TARGET = 13.2;
				MTL_ENABLE_DEBUG_INFO = INCLUDE_SOURCE;
				MTL_FAST_MATH = YES;
				ONLY_ACTIVE_ARCH = YES;
				SDKROOT = iphoneos;
				SWIFT_ACTIVE_COMPILATION_CONDITIONS = DEBUG;
				SWIFT_OPTIMIZATION_LEVEL = "-Onone";
			};
			name = Debug;
		};
		4110E24D240D579900815FA6 /* Release */ = {
			isa = XCBuildConfiguration;
			buildSettings = {
				ALWAYS_SEARCH_USER_PATHS = NO;
				CLANG_ANALYZER_NONNULL = YES;
				CLANG_ANALYZER_NUMBER_OBJECT_CONVERSION = YES_AGGRESSIVE;
				CLANG_CXX_LANGUAGE_STANDARD = "gnu++14";
				CLANG_CXX_LIBRARY = "libc++";
				CLANG_ENABLE_MODULES = YES;
				CLANG_ENABLE_OBJC_ARC = YES;
				CLANG_ENABLE_OBJC_WEAK = YES;
				CLANG_WARN_BLOCK_CAPTURE_AUTORELEASING = YES;
				CLANG_WARN_BOOL_CONVERSION = YES;
				CLANG_WARN_COMMA = YES;
				CLANG_WARN_CONSTANT_CONVERSION = YES;
				CLANG_WARN_DEPRECATED_OBJC_IMPLEMENTATIONS = YES;
				CLANG_WARN_DIRECT_OBJC_ISA_USAGE = YES_ERROR;
				CLANG_WARN_DOCUMENTATION_COMMENTS = YES;
				CLANG_WARN_EMPTY_BODY = YES;
				CLANG_WARN_ENUM_CONVERSION = YES;
				CLANG_WARN_INFINITE_RECURSION = YES;
				CLANG_WARN_INT_CONVERSION = YES;
				CLANG_WARN_NON_LITERAL_NULL_CONVERSION = YES;
				CLANG_WARN_OBJC_IMPLICIT_RETAIN_SELF = YES;
				CLANG_WARN_OBJC_LITERAL_CONVERSION = YES;
				CLANG_WARN_OBJC_ROOT_CLASS = YES_ERROR;
				CLANG_WARN_RANGE_LOOP_ANALYSIS = YES;
				CLANG_WARN_STRICT_PROTOTYPES = YES;
				CLANG_WARN_SUSPICIOUS_MOVE = YES;
				CLANG_WARN_UNGUARDED_AVAILABILITY = YES_AGGRESSIVE;
				CLANG_WARN_UNREACHABLE_CODE = YES;
				CLANG_WARN__DUPLICATE_METHOD_MATCH = YES;
				COPY_PHASE_STRIP = NO;
				DEBUG_INFORMATION_FORMAT = "dwarf-with-dsym";
				ENABLE_NS_ASSERTIONS = NO;
				ENABLE_STRICT_OBJC_MSGSEND = YES;
				GCC_C_LANGUAGE_STANDARD = gnu11;
				GCC_NO_COMMON_BLOCKS = YES;
				GCC_WARN_64_TO_32_BIT_CONVERSION = YES;
				GCC_WARN_ABOUT_RETURN_TYPE = YES_ERROR;
				GCC_WARN_UNDECLARED_SELECTOR = YES;
				GCC_WARN_UNINITIALIZED_AUTOS = YES_AGGRESSIVE;
				GCC_WARN_UNUSED_FUNCTION = YES;
				GCC_WARN_UNUSED_VARIABLE = YES;
				IPHONEOS_DEPLOYMENT_TARGET = 13.2;
				MTL_ENABLE_DEBUG_INFO = NO;
				MTL_FAST_MATH = YES;
				SDKROOT = iphoneos;
				SWIFT_COMPILATION_MODE = wholemodule;
				SWIFT_OPTIMIZATION_LEVEL = "-O";
				VALIDATE_PRODUCT = YES;
			};
			name = Release;
		};
		4110E24F240D579900815FA6 /* Debug */ = {
			isa = XCBuildConfiguration;
			buildSettings = {
				ASSETCATALOG_COMPILER_APPICON_NAME = AppIcon;
				CODE_SIGN_STYLE = Automatic;
				DEVELOPMENT_TEAM = 5M2CLGMTYQ;
				INFOPLIST_FILE = FutureWefc/Info.plist;
				LD_RUNPATH_SEARCH_PATHS = (
					"$(inherited)",
					"@executable_path/Frameworks",
				);
				PRODUCT_BUNDLE_IDENTIFIER = com.eduardofulgencio.FutureWefc;
				PRODUCT_NAME = "$(TARGET_NAME)";
				SWIFT_VERSION = 5.0;
				TARGETED_DEVICE_FAMILY = "1,2";
			};
			name = Debug;
		};
		4110E250240D579900815FA6 /* Release */ = {
			isa = XCBuildConfiguration;
			buildSettings = {
				ASSETCATALOG_COMPILER_APPICON_NAME = AppIcon;
				CODE_SIGN_STYLE = Automatic;
				DEVELOPMENT_TEAM = 5M2CLGMTYQ;
				INFOPLIST_FILE = FutureWefc/Info.plist;
				LD_RUNPATH_SEARCH_PATHS = (
					"$(inherited)",
					"@executable_path/Frameworks",
				);
				PRODUCT_BUNDLE_IDENTIFIER = com.eduardofulgencio.FutureWefc;
				PRODUCT_NAME = "$(TARGET_NAME)";
				SWIFT_VERSION = 5.0;
				TARGETED_DEVICE_FAMILY = "1,2";
			};
			name = Release;
		};
/* End XCBuildConfiguration section */

/* Begin XCConfigurationList section */
		4110E235240D579500815FA6 /* Build configuration list for PBXProject "FutureWefc" */ = {
			isa = XCConfigurationList;
			buildConfigurations = (
				4110E24C240D579900815FA6 /* Debug */,
				4110E24D240D579900815FA6 /* Release */,
			);
			defaultConfigurationIsVisible = 0;
			defaultConfigurationName = Release;
		};
		4110E24E240D579900815FA6 /* Build configuration list for PBXNativeTarget "FutureWefc" */ = {
			isa = XCConfigurationList;
			buildConfigurations = (
				4110E24F240D579900815FA6 /* Debug */,
				4110E250240D579900815FA6 /* Release */,
			);
			defaultConfigurationIsVisible = 0;
			defaultConfigurationName = Release;
		};
/* End XCConfigurationList section */
	};
	rootObject = 4110E232240D579500815FA6 /* Project object */;
}
